
Microsoft Visual Studio Solution File, Format Version 12.00
# Visual Studio Version 16
VisualStudioVersion = 16.0.30621.155
MinimumVisualStudioVersion = 10.0.40219.1
Project("{FAE04EC0-301F-11D3-BF4B-00C04F79EFBC}") = "Visualization-of-the-graph", "Visualization-of-the-graph.csproj", "{07AAC8F9-DC85-4AF7-9E5B-100C428BFA6C}"
EndProject
Global
	GlobalSection(SolutionConfigurationPlatforms) = preSolution
		Debug|Any CPU = Debug|Any CPU
		Release|Any CPU = Release|Any CPU
	EndGlobalSection
	GlobalSection(ProjectConfigurationPlatforms) = postSolution
		{07AAC8F9-DC85-4AF7-9E5B-100C428BFA6C}.Debug|Any CPU.ActiveCfg = Debug|Any CPU
		{07AAC8F9-DC85-4AF7-9E5B-100C428BFA6C}.Debug|Any CPU.Build.0 = Debug|Any CPU
		{07AAC8F9-DC85-4AF7-9E5B-100C428BFA6C}.Release|Any CPU.ActiveCfg = Release|Any CPU
		{07AAC8F9-DC85-4AF7-9E5B-100C428BFA6C}.Release|Any CPU.Build.0 = Release|Any CPU
	EndGlobalSection
	GlobalSection(SolutionProperties) = preSolution
		HideSolutionNode = FALSE
	EndGlobalSection
	GlobalSection(ExtensibilityGlobals) = postSolution
		SolutionGuid = {8F44BEDB-B197-4991-B873-C7BCA9696F7A}
	EndGlobalSection
EndGlobal
